
Microsoft Visual Studio Solution File, Format Version 12.00
# Visual Studio 15
VisualStudioVersion = 15.0.27130.2027
MinimumVisualStudioVersion = 10.0.40219.1
Project("{2150E333-8FDC-42A3-9474-1A3956D46DE8}") = "root", "root", "{8C610D62-FA59-498D-8772-FB472F8DFC2A}"
	ProjectSection(SolutionItems) = preProject
		.gitignore = .gitignore
		LICENSE = LICENSE
		README.md = README.md
	EndProjectSection
EndProject
Project("{9A19103F-16F7-4668-BE54-9A1E7A4F7556}") = "WebApp", "WebApp\WebApp.csproj", "{59D5B710-FB9F-460A-ADE2-C6677E0D81C3}"
EndProject
Project("{9A19103F-16F7-4668-BE54-9A1E7A4F7556}") = "ClassLibrary", "ClassLibrary\ClassLibrary.csproj", "{9DC2ECF0-76DB-4078-BBD3-6292D9F84272}"
EndProject
Global
	GlobalSection(SolutionConfigurationPlatforms) = preSolution
		Debug|Any CPU = Debug|Any CPU
		Release|Any CPU = Release|Any CPU
		Test|Any CPU = Test|Any CPU
	EndGlobalSection
	GlobalSection(ProjectConfigurationPlatforms) = postSolution
		{59D5B710-FB9F-460A-ADE2-C6677E0D81C3}.Debug|Any CPU.ActiveCfg = Debug|Any CPU
		{59D5B710-FB9F-460A-ADE2-C6677E0D81C3}.Debug|Any CPU.Build.0 = Debug|Any CPU
		{59D5B710-FB9F-460A-ADE2-C6677E0D81C3}.Release|Any CPU.ActiveCfg = Release|Any CPU
		{59D5B710-FB9F-460A-ADE2-C6677E0D81C3}.Release|Any CPU.Build.0 = Release|Any CPU
		{59D5B710-FB9F-460A-ADE2-C6677E0D81C3}.Test|Any CPU.ActiveCfg = Test|Any CPU
		{59D5B710-FB9F-460A-ADE2-C6677E0D81C3}.Test|Any CPU.Build.0 = Test|Any CPU
		{9DC2ECF0-76DB-4078-BBD3-6292D9F84272}.Debug|Any CPU.ActiveCfg = Debug|Any CPU
		{9DC2ECF0-76DB-4078-BBD3-6292D9F84272}.Debug|Any CPU.Build.0 = Debug|Any CPU
		{9DC2ECF0-76DB-4078-BBD3-6292D9F84272}.Release|Any CPU.ActiveCfg = Release|Any CPU
		{9DC2ECF0-76DB-4078-BBD3-6292D9F84272}.Release|Any CPU.Build.0 = Release|Any CPU
		{9DC2ECF0-76DB-4078-BBD3-6292D9F84272}.Test|Any CPU.ActiveCfg = Test|Any CPU
		{9DC2ECF0-76DB-4078-BBD3-6292D9F84272}.Test|Any CPU.Build.0 = Test|Any CPU
	EndGlobalSection
	GlobalSection(SolutionProperties) = preSolution
		HideSolutionNode = FALSE
	EndGlobalSection
	GlobalSection(ExtensibilityGlobals) = postSolution
		SolutionGuid = {C6D4B6E6-5C9E-44FA-AC32-F129BEDFFC14}
	EndGlobalSection
EndGlobal
